
Microsoft Visual Studio Solution File, Format Version 12.00
# Visual Studio Version 17
VisualStudioVersion = 17.5.33627.172
MinimumVisualStudioVersion = 10.0.40219.1
Project("{FAE04EC0-301F-11D3-BF4B-00C04F79EFBC}") = "ValRestServer", "ValRestServer.csproj", "{8EA039C6-87AD-49A0-9066-63F5D5C115FC}"
EndProject
Global
	GlobalSection(SolutionConfigurationPlatforms) = preSolution
		Debug|Any CPU = Debug|Any CPU
		Release|Any CPU = Release|Any CPU
	EndGlobalSection
	GlobalSection(ProjectConfigurationPlatforms) = postSolution
		{8EA039C6-87AD-49A0-9066-63F5D5C115FC}.Debug|Any CPU.ActiveCfg = Debug|Any CPU
		{8EA039C6-87AD-49A0-9066-63F5D5C115FC}.Debug|Any CPU.Build.0 = Debug|Any CPU
		{8EA039C6-87AD-49A0-9066-63F5D5C115FC}.Release|Any CPU.ActiveCfg = Release|Any CPU
		{8EA039C6-87AD-49A0-9066-63F5D5C115FC}.Release|Any CPU.Build.0 = Release|Any CPU
	EndGlobalSection
	GlobalSection(SolutionProperties) = preSolution
		HideSolutionNode = FALSE
	EndGlobalSection
	GlobalSection(ExtensibilityGlobals) = postSolution
		SolutionGuid = {E6EAA31A-1F7C-4F6A-940F-907D4EBA8B36}
	EndGlobalSection
EndGlobal
